
Microsoft Visual Studio Solution File, Format Version 12.00
# Visual Studio Version 17
VisualStudioVersion = 17.5.33530.505
MinimumVisualStudioVersion = 10.0.40219.1
Project("{FAE04EC0-301F-11D3-BF4B-00C04F79EFBC}") = "SimpleJobTrackerAPI", "SimpleJobTrackerAPI\SimpleJobTrackerAPI.csproj", "{CF48D355-22FD-4E57-A241-92569F7F8C60}"
EndProject
Project("{FAE04EC0-301F-11D3-BF4B-00C04F79EFBC}") = "SimpleJobTrackerTests", "SimpleJobTrackerTests\SimpleJobTrackerTests.csproj", "{C5094439-CB93-4D09-B4C5-3B15AFF3A30F}"
EndProject
Global
	GlobalSection(SolutionConfigurationPlatforms) = preSolution
		Debug|Any CPU = Debug|Any CPU
		Release|Any CPU = Release|Any CPU
	EndGlobalSection
	GlobalSection(ProjectConfigurationPlatforms) = postSolution
		{CF48D355-22FD-4E57-A241-92569F7F8C60}.Debug|Any CPU.ActiveCfg = Debug|Any CPU
		{CF48D355-22FD-4E57-A241-92569F7F8C60}.Debug|Any CPU.Build.0 = Debug|Any CPU
		{CF48D355-22FD-4E57-A241-92569F7F8C60}.Release|Any CPU.ActiveCfg = Release|Any CPU
		{CF48D355-22FD-4E57-A241-92569F7F8C60}.Release|Any CPU.Build.0 = Release|Any CPU
		{C5094439-CB93-4D09-B4C5-3B15AFF3A30F}.Debug|Any CPU.ActiveCfg = Debug|Any CPU
		{C5094439-CB93-4D09-B4C5-3B15AFF3A30F}.Debug|Any CPU.Build.0 = Debug|Any CPU
		{C5094439-CB93-4D09-B4C5-3B15AFF3A30F}.Release|Any CPU.ActiveCfg = Release|Any CPU
		{C5094439-CB93-4D09-B4C5-3B15AFF3A30F}.Release|Any CPU.Build.0 = Release|Any CPU
	EndGlobalSection
	GlobalSection(SolutionProperties) = preSolution
		HideSolutionNode = FALSE
	EndGlobalSection
	GlobalSection(ExtensibilityGlobals) = postSolution
		SolutionGuid = {CCA505C3-915C-4870-A3E5-EC930BE8720A}
	EndGlobalSection
EndGlobal
